
Microsoft Visual Studio Solution File, Format Version 12.00
# Visual Studio Version 17
VisualStudioVersion = 17.9.34902.65
MinimumVisualStudioVersion = 10.0.40219.1
Project("{9A19103F-16F7-4668-BE54-9A1E7A4F7556}") = "NonAnalyzer", "NonAnalyzer\NonAnalyzer\NonAnalyzer.csproj", "{747CB9B9-AF08-454B-B976-D0CE742A6565}"
EndProject
Project("{9A19103F-16F7-4668-BE54-9A1E7A4F7556}") = "NonAnalyzer.CodeFixes", "NonAnalyzer\NonAnalyzer.CodeFixes\NonAnalyzer.CodeFixes.csproj", "{3FEE8046-A9B2-4C7C-8AAC-BAB0ED794D22}"
EndProject
Project("{9A19103F-16F7-4668-BE54-9A1E7A4F7556}") = "NonAnalyzer.Package", "NonAnalyzer\NonAnalyzer.Package\NonAnalyzer.Package.csproj", "{B21F4A30-E5C0-4E42-AEDB-1E8729406685}"
EndProject
Project("{9A19103F-16F7-4668-BE54-9A1E7A4F7556}") = "NonAnalyzer.Test", "NonAnalyzer\NonAnalyzer.Test\NonAnalyzer.Test.csproj", "{EC4F5E17-3B1E-43A1-935C-9B1593D7F1D3}"
EndProject
Project("{9A19103F-16F7-4668-BE54-9A1E7A4F7556}") = "NonAnalyzer.Vsix", "NonAnalyzer\NonAnalyzer.Vsix\NonAnalyzer.Vsix.csproj", "{A61688AD-3BB9-4031-B500-FE54A12EF59A}"
EndProject
Global
	GlobalSection(SolutionConfigurationPlatforms) = preSolution
		Debug|Any CPU = Debug|Any CPU
		Release|Any CPU = Release|Any CPU
	EndGlobalSection
	GlobalSection(ProjectConfigurationPlatforms) = postSolution
		{747CB9B9-AF08-454B-B976-D0CE742A6565}.Debug|Any CPU.ActiveCfg = Debug|Any CPU
		{747CB9B9-AF08-454B-B976-D0CE742A6565}.Debug|Any CPU.Build.0 = Debug|Any CPU
		{747CB9B9-AF08-454B-B976-D0CE742A6565}.Release|Any CPU.ActiveCfg = Release|Any CPU
		{747CB9B9-AF08-454B-B976-D0CE742A6565}.Release|Any CPU.Build.0 = Release|Any CPU
		{3FEE8046-A9B2-4C7C-8AAC-BAB0ED794D22}.Debug|Any CPU.ActiveCfg = Debug|Any CPU
		{3FEE8046-A9B2-4C7C-8AAC-BAB0ED794D22}.Debug|Any CPU.Build.0 = Debug|Any CPU
		{3FEE8046-A9B2-4C7C-8AAC-BAB0ED794D22}.Release|Any CPU.ActiveCfg = Release|Any CPU
		{3FEE8046-A9B2-4C7C-8AAC-BAB0ED794D22}.Release|Any CPU.Build.0 = Release|Any CPU
		{B21F4A30-E5C0-4E42-AEDB-1E8729406685}.Debug|Any CPU.ActiveCfg = Debug|Any CPU
		{B21F4A30-E5C0-4E42-AEDB-1E8729406685}.Debug|Any CPU.Build.0 = Debug|Any CPU
		{B21F4A30-E5C0-4E42-AEDB-1E8729406685}.Release|Any CPU.ActiveCfg = Release|Any CPU
		{B21F4A30-E5C0-4E42-AEDB-1E8729406685}.Release|Any CPU.Build.0 = Release|Any CPU
		{EC4F5E17-3B1E-43A1-935C-9B1593D7F1D3}.Debug|Any CPU.ActiveCfg = Debug|Any CPU
		{EC4F5E17-3B1E-43A1-935C-9B1593D7F1D3}.Debug|Any CPU.Build.0 = Debug|Any CPU
		{EC4F5E17-3B1E-43A1-935C-9B1593D7F1D3}.Release|Any CPU.ActiveCfg = Release|Any CPU
		{EC4F5E17-3B1E-43A1-935C-9B1593D7F1D3}.Release|Any CPU.Build.0 = Release|Any CPU
		{A61688AD-3BB9-4031-B500-FE54A12EF59A}.Debug|Any CPU.ActiveCfg = Debug|Any CPU
		{A61688AD-3BB9-4031-B500-FE54A12EF59A}.Debug|Any CPU.Build.0 = Debug|Any CPU
		{A61688AD-3BB9-4031-B500-FE54A12EF59A}.Release|Any CPU.ActiveCfg = Release|Any CPU
		{A61688AD-3BB9-4031-B500-FE54A12EF59A}.Release|Any CPU.Build.0 = Release|Any CPU
	EndGlobalSection
	GlobalSection(SolutionProperties) = preSolution
		HideSolutionNode = FALSE
	EndGlobalSection
	GlobalSection(ExtensibilityGlobals) = postSolution
		SolutionGuid = {B623A084-75DB-4D29-9349-B79205E1A703}
	EndGlobalSection
EndGlobal
